
Microsoft Visual Studio Solution File, Format Version 12.00
# Visual Studio Version 17
VisualStudioVersion = 17.2.32630.192
MinimumVisualStudioVersion = 10.0.40219.1
Project("{FAE04EC0-301F-11D3-BF4B-00C04F79EFBC}") = "OtraAgendaApi", "OtraAgendaApi\OtraAgendaApi.csproj", "{1EBB1550-97D7-4A71-B69D-FD43102B4DA4}"
EndProject
Global
	GlobalSection(SolutionConfigurationPlatforms) = preSolution
		Debug|Any CPU = Debug|Any CPU
		Release|Any CPU = Release|Any CPU
	EndGlobalSection
	GlobalSection(ProjectConfigurationPlatforms) = postSolution
		{1EBB1550-97D7-4A71-B69D-FD43102B4DA4}.Debug|Any CPU.ActiveCfg = Debug|Any CPU
		{1EBB1550-97D7-4A71-B69D-FD43102B4DA4}.Debug|Any CPU.Build.0 = Debug|Any CPU
		{1EBB1550-97D7-4A71-B69D-FD43102B4DA4}.Release|Any CPU.ActiveCfg = Release|Any CPU
		{1EBB1550-97D7-4A71-B69D-FD43102B4DA4}.Release|Any CPU.Build.0 = Release|Any CPU
	EndGlobalSection
	GlobalSection(SolutionProperties) = preSolution
		HideSolutionNode = FALSE
	EndGlobalSection
	GlobalSection(ExtensibilityGlobals) = postSolution
		SolutionGuid = {94B7CD73-46A0-47D6-A8D9-8E953309B82F}
	EndGlobalSection
EndGlobal
